
Microsoft Visual Studio Solution File, Format Version 12.00
# Visual Studio 15
VisualStudioVersion = 15.0.27428.1
MinimumVisualStudioVersion = 10.0.40219.1
Project("{9A19103F-16F7-4668-BE54-9A1E7A4F7556}") = "JATotalservice.Core", "JATotalservice\JATotalservice.Core\JATotalservice.Core.csproj", "{1E7D89F5-8BB6-4C42-A805-C85C9ED98E55}"
EndProject
Project("{FAE04EC0-301F-11D3-BF4B-00C04F79EFBC}") = "JATotalservice.Droid", "JATotalservice\JATotalservice.Droid\JATotalservice.Droid.csproj", "{48131166-A963-4406-A93E-0073F45F989D}"
EndProject
Project("{FAE04EC0-301F-11D3-BF4B-00C04F79EFBC}") = "JATotalservice.iOS", "JATotalservice\JATotalservice.iOS\JATotalservice.iOS.csproj", "{ED3B70F8-2C3D-4560-8AFC-0506691BA48F}"
EndProject
Project("{FAE04EC0-301F-11D3-BF4B-00C04F79EFBC}") = "JATotalservice.WPF", "JATotalservice\JATotalservice.WPF\JATotalservice.WPF.csproj", "{8F22217F-7BA6-4142-A7DE-9B7331A42082}"
EndProject
Project("{9A19103F-16F7-4668-BE54-9A1E7A4F7556}") = "ModelLayer", "..\JATotalserviceAPI\Model\ModelLayer.csproj", "{4A3F9FCD-65CA-4B8A-9A9F-56723FA4F20D}"
EndProject
Global
	GlobalSection(SolutionConfigurationPlatforms) = preSolution
		Ad-Hoc|Any CPU = Ad-Hoc|Any CPU
		Ad-Hoc|ARM = Ad-Hoc|ARM
		Ad-Hoc|iPhone = Ad-Hoc|iPhone
		Ad-Hoc|iPhoneSimulator = Ad-Hoc|iPhoneSimulator
		Ad-Hoc|x64 = Ad-Hoc|x64
		Ad-Hoc|x86 = Ad-Hoc|x86
		AppStore|Any CPU = AppStore|Any CPU
		AppStore|ARM = AppStore|ARM
		AppStore|iPhone = AppStore|iPhone
		AppStore|iPhoneSimulator = AppStore|iPhoneSimulator
		AppStore|x64 = AppStore|x64
		AppStore|x86 = AppStore|x86
		Debug|Any CPU = Debug|Any CPU
		Debug|ARM = Debug|ARM
		Debug|iPhone = Debug|iPhone
		Debug|iPhoneSimulator = Debug|iPhoneSimulator
		Debug|x64 = Debug|x64
		Debug|x86 = Debug|x86
		Release|Any CPU = Release|Any CPU
		Release|ARM = Release|ARM
		Release|iPhone = Release|iPhone
		Release|iPhoneSimulator = Release|iPhoneSimulator
		Release|x64 = Release|x64
		Release|x86 = Release|x86
	EndGlobalSection
	GlobalSection(ProjectConfigurationPlatforms) = postSolution
		{1E7D89F5-8BB6-4C42-A805-C85C9ED98E55}.Ad-Hoc|Any CPU.ActiveCfg = Debug|Any CPU
		{1E7D89F5-8BB6-4C42-A805-C85C9ED98E55}.Ad-Hoc|Any CPU.Build.0 = Debug|Any CPU
		{1E7D89F5-8BB6-4C42-A805-C85C9ED98E55}.Ad-Hoc|ARM.ActiveCfg = Debug|Any CPU
		{1E7D89F5-8BB6-4C42-A805-C85C9ED98E55}.Ad-Hoc|ARM.Build.0 = Debug|Any CPU
		{1E7D89F5-8BB6-4C42-A805-C85C9ED98E55}.Ad-Hoc|iPhone.ActiveCfg = Debug|Any CPU
		{1E7D89F5-8BB6-4C42-A805-C85C9ED98E55}.Ad-Hoc|iPhone.Build.0 = Debug|Any CPU
		{1E7D89F5-8BB6-4C42-A805-C85C9ED98E55}.Ad-Hoc|iPhoneSimulator.ActiveCfg = Debug|Any CPU
		{1E7D89F5-8BB6-4C42-A805-C85C9ED98E55}.Ad-Hoc|iPhoneSimulator.Build.0 = Debug|Any CPU
		{1E7D89F5-8BB6-4C42-A805-C85C9ED98E55}.Ad-Hoc|x64.ActiveCfg = Debug|Any CPU
		{1E7D89F5-8BB6-4C42-A805-C85C9ED98E55}.Ad-Hoc|x64.Build.0 = Debug|Any CPU
		{1E7D89F5-8BB6-4C42-A805-C85C9ED98E55}.Ad-Hoc|x86.ActiveCfg = Debug|Any CPU
		{1E7D89F5-8BB6-4C42-A805-C85C9ED98E55}.Ad-Hoc|x86.Build.0 = Debug|Any CPU
		{1E7D89F5-8BB6-4C42-A805-C85C9ED98E55}.AppStore|Any CPU.ActiveCfg = Debug|Any CPU
		{1E7D89F5-8BB6-4C42-A805-C85C9ED98E55}.AppStore|Any CPU.Build.0 = Debug|Any CPU
		{1E7D89F5-8BB6-4C42-A805-C85C9ED98E55}.AppStore|ARM.ActiveCfg = Debug|Any CPU
		{1E7D89F5-8BB6-4C42-A805-C85C9ED98E55}.AppStore|ARM.Build.0 = Debug|Any CPU
		{1E7D89F5-8BB6-4C42-A805-C85C9ED98E55}.AppStore|iPhone.ActiveCfg = Debug|Any CPU
		{1E7D89F5-8BB6-4C42-A805-C85C9ED98E55}.AppStore|iPhone.Build.0 = Debug|Any CPU
		{1E7D89F5-8BB6-4C42-A805-C85C9ED98E55}.AppStore|iPhoneSimulator.ActiveCfg = Debug|Any CPU
		{1E7D89F5-8BB6-4C42-A805-C85C9ED98E55}.AppStore|iPhoneSimulator.Build.0 = Debug|Any CPU
		{1E7D89F5-8BB6-4C42-A805-C85C9ED98E55}.AppStore|x64.ActiveCfg = Debug|Any CPU
		{1E7D89F5-8BB6-4C42-A805-C85C9ED98E55}.AppStore|x64.Build.0 = Debug|Any CPU
		{1E7D89F5-8BB6-4C42-A805-C85C9ED98E55}.AppStore|x86.ActiveCfg = Debug|Any CPU
		{1E7D89F5-8BB6-4C42-A805-C85C9ED98E55}.AppStore|x86.Build.0 = Debug|Any CPU
		{1E7D89F5-8BB6-4C42-A805-C85C9ED98E55}.Debug|Any CPU.ActiveCfg = Debug|Any CPU
		{1E7D89F5-8BB6-4C42-A805-C85C9ED98E55}.Debug|Any CPU.Build.0 = Debug|Any CPU
		{1E7D89F5-8BB6-4C42-A805-C85C9ED98E55}.Debug|ARM.ActiveCfg = Debug|Any CPU
		{1E7D89F5-8BB6-4C42-A805-C85C9ED98E55}.Debug|ARM.Build.0 = Debug|Any CPU
		{1E7D89F5-8BB6-4C42-A805-C85C9ED98E55}.Debug|iPhone.ActiveCfg = Debug|Any CPU
		{1E7D89F5-8BB6-4C42-A805-C85C9ED98E55}.Debug|iPhone.Build.0 = Debug|Any CPU
		{1E7D89F5-8BB6-4C42-A805-C85C9ED98E55}.Debug|iPhoneSimulator.ActiveCfg = Debug|Any CPU
		{1E7D89F5-8BB6-4C42-A805-C85C9ED98E55}.Debug|iPhoneSimulator.Build.0 = Debug|Any CPU
		{1E7D89F5-8BB6-4C42-A805-C85C9ED98E55}.Debug|x64.ActiveCfg = Debug|Any CPU
		{1E7D89F5-8BB6-4C42-A805-C85C9ED98E55}.Debug|x64.Build.0 = Debug|Any CPU
		{1E7D89F5-8BB6-4C42-A805-C85C9ED98E55}.Debug|x86.ActiveCfg = Debug|Any CPU
		{1E7D89F5-8BB6-4C42-A805-C85C9ED98E55}.Debug|x86.Build.0 = Debug|Any CPU
		{1E7D89F5-8BB6-4C42-A805-C85C9ED98E55}.Release|Any CPU.ActiveCfg = Release|Any CPU
		{1E7D89F5-8BB6-4C42-A805-C85C9ED98E55}.Release|Any CPU.Build.0 = Release|Any CPU
		{1E7D89F5-8BB6-4C42-A805-C85C9ED98E55}.Release|ARM.ActiveCfg = Release|Any CPU
		{1E7D89F5-8BB6-4C42-A805-C85C9ED98E55}.Release|ARM.Build.0 = Release|Any CPU
		{1E7D89F5-8BB6-4C42-A805-C85C9ED98E55}.Release|iPhone.ActiveCfg = Release|Any CPU
		{1E7D89F5-8BB6-4C42-A805-C85C9ED98E55}.Release|iPhone.Build.0 = Release|Any CPU
		{1E7D89F5-8BB6-4C42-A805-C85C9ED98E55}.Release|iPhoneSimulator.ActiveCfg = Release|Any CPU
		{1E7D89F5-8BB6-4C42-A805-C85C9ED98E55}.Release|iPhoneSimulator.Build.0 = Release|Any CPU
		{1E7D89F5-8BB6-4C42-A805-C85C9ED98E55}.Release|x64.ActiveCfg = Release|Any CPU
		{1E7D89F5-8BB6-4C42-A805-C85C9ED98E55}.Release|x64.Build.0 = Release|Any CPU
		{1E7D89F5-8BB6-4C42-A805-C85C9ED98E55}.Release|x86.ActiveCfg = Release|Any CPU
		{1E7D89F5-8BB6-4C42-A805-C85C9ED98E55}.Release|x86.Build.0 = Release|Any CPU
		{48131166-A963-4406-A93E-0073F45F989D}.Ad-Hoc|Any CPU.ActiveCfg = Release|Any CPU
		{48131166-A963-4406-A93E-0073F45F989D}.Ad-Hoc|Any CPU.Build.0 = Release|Any CPU
		{48131166-A963-4406-A93E-0073F45F989D}.Ad-Hoc|Any CPU.Deploy.0 = Release|Any CPU
		{48131166-A963-4406-A93E-0073F45F989D}.Ad-Hoc|ARM.ActiveCfg = Release|Any CPU
		{48131166-A963-4406-A93E-0073F45F989D}.Ad-Hoc|ARM.Build.0 = Release|Any CPU
		{48131166-A963-4406-A93E-0073F45F989D}.Ad-Hoc|ARM.Deploy.0 = Release|Any CPU
		{48131166-A963-4406-A93E-0073F45F989D}.Ad-Hoc|iPhone.ActiveCfg = Release|Any CPU
		{48131166-A963-4406-A93E-0073F45F989D}.Ad-Hoc|iPhone.Build.0 = Release|Any CPU
		{48131166-A963-4406-A93E-0073F45F989D}.Ad-Hoc|iPhone.Deploy.0 = Release|Any CPU
		{48131166-A963-4406-A93E-0073F45F989D}.Ad-Hoc|iPhoneSimulator.ActiveCfg = Release|Any CPU
		{48131166-A963-4406-A93E-0073F45F989D}.Ad-Hoc|iPhoneSimulator.Build.0 = Release|Any CPU
		{48131166-A963-4406-A93E-0073F45F989D}.Ad-Hoc|iPhoneSimulator.Deploy.0 = Release|Any CPU
		{48131166-A963-4406-A93E-0073F45F989D}.Ad-Hoc|x64.ActiveCfg = Release|Any CPU
		{48131166-A963-4406-A93E-0073F45F989D}.Ad-Hoc|x64.Build.0 = Release|Any CPU
		{48131166-A963-4406-A93E-0073F45F989D}.Ad-Hoc|x64.Deploy.0 = Release|Any CPU
		{48131166-A963-4406-A93E-0073F45F989D}.Ad-Hoc|x86.ActiveCfg = Release|Any CPU
		{48131166-A963-4406-A93E-0073F45F989D}.Ad-Hoc|x86.Build.0 = Release|Any CPU
		{48131166-A963-4406-A93E-0073F45F989D}.Ad-Hoc|x86.Deploy.0 = Release|Any CPU
		{48131166-A963-4406-A93E-0073F45F989D}.AppStore|Any CPU.ActiveCfg = Release|Any CPU
		{48131166-A963-4406-A93E-0073F45F989D}.AppStore|Any CPU.Build.0 = Release|Any CPU
		{48131166-A963-4406-A93E-0073F45F989D}.AppStore|Any CPU.Deploy.0 = Release|Any CPU
		{48131166-A963-4406-A93E-0073F45F989D}.AppStore|ARM.ActiveCfg = Release|Any CPU
		{48131166-A963-4406-A93E-0073F45F989D}.AppStore|ARM.Build.0 = Release|Any CPU
		{48131166-A963-4406-A93E-0073F45F989D}.AppStore|ARM.Deploy.0 = Release|Any CPU
		{48131166-A963-4406-A93E-0073F45F989D}.AppStore|iPhone.ActiveCfg = Release|Any CPU
		{48131166-A963-4406-A93E-0073F45F989D}.AppStore|iPhone.Build.0 = Release|Any CPU
		{48131166-A963-4406-A93E-0073F45F989D}.AppStore|iPhone.Deploy.0 = Release|Any CPU
		{48131166-A963-4406-A93E-0073F45F989D}.AppStore|iPhoneSimulator.ActiveCfg = Release|Any CPU
		{48131166-A963-4406-A93E-0073F45F989D}.AppStore|iPhoneSimulator.Build.0 = Release|Any CPU
		{48131166-A963-4406-A93E-0073F45F989D}.AppStore|iPhoneSimulator.Deploy.0 = Release|Any CPU
		{48131166-A963-4406-A93E-0073F45F989D}.AppStore|x64.ActiveCfg = Release|Any CPU
		{48131166-A963-4406-A93E-0073F45F989D}.AppStore|x64.Build.0 = Release|Any CPU
		{48131166-A963-4406-A93E-0073F45F989D}.AppStore|x64.Deploy.0 = Release|Any CPU
		{48131166-A963-4406-A93E-0073F45F989D}.AppStore|x86.ActiveCfg = Release|Any CPU
		{48131166-A963-4406-A93E-0073F45F989D}.AppStore|x86.Build.0 = Release|Any CPU
		{48131166-A963-4406-A93E-0073F45F989D}.AppStore|x86.Deploy.0 = Release|Any CPU
		{48131166-A963-4406-A93E-0073F45F989D}.Debug|Any CPU.ActiveCfg = Debug|Any CPU
		{48131166-A963-4406-A93E-0073F45F989D}.Debug|Any CPU.Build.0 = Debug|Any CPU
		{48131166-A963-4406-A93E-0073F45F989D}.Debug|Any CPU.Deploy.0 = Debug|Any CPU
		{48131166-A963-4406-A93E-0073F45F989D}.Debug|ARM.ActiveCfg = Debug|Any CPU
		{48131166-A963-4406-A93E-0073F45F989D}.Debug|ARM.Build.0 = Debug|Any CPU
		{48131166-A963-4406-A93E-0073F45F989D}.Debug|ARM.Deploy.0 = Debug|Any CPU
		{48131166-A963-4406-A93E-0073F45F989D}.Debug|iPhone.ActiveCfg = Debug|Any CPU
		{48131166-A963-4406-A93E-0073F45F989D}.Debug|iPhone.Build.0 = Debug|Any CPU
		{48131166-A963-4406-A93E-0073F45F989D}.Debug|iPhone.Deploy.0 = Debug|Any CPU
		{48131166-A963-4406-A93E-0073F45F989D}.Debug|iPhoneSimulator.ActiveCfg = Debug|Any CPU
		{48131166-A963-4406-A93E-0073F45F989D}.Debug|iPhoneSimulator.Build.0 = Debug|Any CPU
		{48131166-A963-4406-A93E-0073F45F989D}.Debug|iPhoneSimulator.Deploy.0 = Debug|Any CPU
		{48131166-A963-4406-A93E-0073F45F989D}.Debug|x64.ActiveCfg = Debug|Any CPU
		{48131166-A963-4406-A93E-0073F45F989D}.Debug|x64.Build.0 = Debug|Any CPU
		{48131166-A963-4406-A93E-0073F45F989D}.Debug|x64.Deploy.0 = Debug|Any CPU
		{48131166-A963-4406-A93E-0073F45F989D}.Debug|x86.ActiveCfg = Debug|Any CPU
		{48131166-A963-4406-A93E-0073F45F989D}.Debug|x86.Build.0 = Debug|Any CPU
		{48131166-A963-4406-A93E-0073F45F989D}.Debug|x86.Deploy.0 = Debug|Any CPU
		{48131166-A963-4406-A93E-0073F45F989D}.Release|Any CPU.ActiveCfg = Release|Any CPU
		{48131166-A963-4406-A93E-0073F45F989D}.Release|Any CPU.Build.0 = Release|Any CPU
		{48131166-A963-4406-A93E-0073F45F989D}.Release|Any CPU.Deploy.0 = Release|Any CPU
		{48131166-A963-4406-A93E-0073F45F989D}.Release|ARM.ActiveCfg = Release|Any CPU
		{48131166-A963-4406-A93E-0073F45F989D}.Release|ARM.Build.0 = Release|Any CPU
		{48131166-A963-4406-A93E-0073F45F989D}.Release|ARM.Deploy.0 = Release|Any CPU
		{48131166-A963-4406-A93E-0073F45F989D}.Release|iPhone.ActiveCfg = Release|Any CPU
		{48131166-A963-4406-A93E-0073F45F989D}.Release|iPhone.Build.0 = Release|Any CPU
		{48131166-A963-4406-A93E-0073F45F989D}.Release|iPhone.Deploy.0 = Release|Any CPU
		{48131166-A963-4406-A93E-0073F45F989D}.Release|iPhoneSimulator.ActiveCfg = Release|Any CPU
		{48131166-A963-4406-A93E-0073F45F989D}.Release|iPhoneSimulator.Build.0 = Release|Any CPU
		{48131166-A963-4406-A93E-0073F45F989D}.Release|iPhoneSimulator.Deploy.0 = Release|Any CPU
		{48131166-A963-4406-A93E-0073F45F989D}.Release|x64.ActiveCfg = Release|Any CPU
		{48131166-A963-4406-A93E-0073F45F989D}.Release|x64.Build.0 = Release|Any CPU
		{48131166-A963-4406-A93E-0073F45F989D}.Release|x64.Deploy.0 = Release|Any CPU
		{48131166-A963-4406-A93E-0073F45F989D}.Release|x86.ActiveCfg = Release|Any CPU
		{48131166-A963-4406-A93E-0073F45F989D}.Release|x86.Build.0 = Release|Any CPU
		{48131166-A963-4406-A93E-0073F45F989D}.Release|x86.Deploy.0 = Release|Any CPU
		{ED3B70F8-2C3D-4560-8AFC-0506691BA48F}.Ad-Hoc|Any CPU.ActiveCfg = Ad-Hoc|iPhone
		{ED3B70F8-2C3D-4560-8AFC-0506691BA48F}.Ad-Hoc|ARM.ActiveCfg = Ad-Hoc|iPhone
		{ED3B70F8-2C3D-4560-8AFC-0506691BA48F}.Ad-Hoc|iPhone.ActiveCfg = Ad-Hoc|iPhone
		{ED3B70F8-2C3D-4560-8AFC-0506691BA48F}.Ad-Hoc|iPhone.Build.0 = Ad-Hoc|iPhone
		{ED3B70F8-2C3D-4560-8AFC-0506691BA48F}.Ad-Hoc|iPhoneSimulator.ActiveCfg = Ad-Hoc|iPhoneSimulator
		{ED3B70F8-2C3D-4560-8AFC-0506691BA48F}.Ad-Hoc|iPhoneSimulator.Build.0 = Ad-Hoc|iPhoneSimulator
		{ED3B70F8-2C3D-4560-8AFC-0506691BA48F}.Ad-Hoc|x64.ActiveCfg = Ad-Hoc|iPhone
		{ED3B70F8-2C3D-4560-8AFC-0506691BA48F}.Ad-Hoc|x86.ActiveCfg = Ad-Hoc|iPhone
		{ED3B70F8-2C3D-4560-8AFC-0506691BA48F}.AppStore|Any CPU.ActiveCfg = AppStore|iPhone
		{ED3B70F8-2C3D-4560-8AFC-0506691BA48F}.AppStore|ARM.ActiveCfg = AppStore|iPhone
		{ED3B70F8-2C3D-4560-8AFC-0506691BA48F}.AppStore|iPhone.ActiveCfg = AppStore|iPhone
		{ED3B70F8-2C3D-4560-8AFC-0506691BA48F}.AppStore|iPhone.Build.0 = AppStore|iPhone
		{ED3B70F8-2C3D-4560-8AFC-0506691BA48F}.AppStore|iPhoneSimulator.ActiveCfg = AppStore|iPhoneSimulator
		{ED3B70F8-2C3D-4560-8AFC-0506691BA48F}.AppStore|iPhoneSimulator.Build.0 = AppStore|iPhoneSimulator
		{ED3B70F8-2C3D-4560-8AFC-0506691BA48F}.AppStore|x64.ActiveCfg = AppStore|iPhone
		{ED3B70F8-2C3D-4560-8AFC-0506691BA48F}.AppStore|x86.ActiveCfg = AppStore|iPhone
		{ED3B70F8-2C3D-4560-8AFC-0506691BA48F}.Debug|Any CPU.ActiveCfg = Debug|iPhone
		{ED3B70F8-2C3D-4560-8AFC-0506691BA48F}.Debug|ARM.ActiveCfg = Debug|iPhone
		{ED3B70F8-2C3D-4560-8AFC-0506691BA48F}.Debug|iPhone.ActiveCfg = Debug|iPhone
		{ED3B70F8-2C3D-4560-8AFC-0506691BA48F}.Debug|iPhone.Build.0 = Debug|iPhone
		{ED3B70F8-2C3D-4560-8AFC-0506691BA48F}.Debug|iPhoneSimulator.ActiveCfg = Debug|iPhoneSimulator
		{ED3B70F8-2C3D-4560-8AFC-0506691BA48F}.Debug|iPhoneSimulator.Build.0 = Debug|iPhoneSimulator
		{ED3B70F8-2C3D-4560-8AFC-0506691BA48F}.Debug|x64.ActiveCfg = Debug|iPhone
		{ED3B70F8-2C3D-4560-8AFC-0506691BA48F}.Debug|x86.ActiveCfg = Debug|iPhone
		{ED3B70F8-2C3D-4560-8AFC-0506691BA48F}.Release|Any CPU.ActiveCfg = Release|iPhone
		{ED3B70F8-2C3D-4560-8AFC-0506691BA48F}.Release|ARM.ActiveCfg = Release|iPhone
		{ED3B70F8-2C3D-4560-8AFC-0506691BA48F}.Release|iPhone.ActiveCfg = Release|iPhone
		{ED3B70F8-2C3D-4560-8AFC-0506691BA48F}.Release|iPhone.Build.0 = Release|iPhone
		{ED3B70F8-2C3D-4560-8AFC-0506691BA48F}.Release|iPhoneSimulator.ActiveCfg = Release|iPhoneSimulator
		{ED3B70F8-2C3D-4560-8AFC-0506691BA48F}.Release|iPhoneSimulator.Build.0 = Release|iPhoneSimulator
		{ED3B70F8-2C3D-4560-8AFC-0506691BA48F}.Release|x64.ActiveCfg = Release|iPhone
		{ED3B70F8-2C3D-4560-8AFC-0506691BA48F}.Release|x86.ActiveCfg = Release|iPhone
		{8F22217F-7BA6-4142-A7DE-9B7331A42082}.Ad-Hoc|Any CPU.ActiveCfg = Release|Any CPU
		{8F22217F-7BA6-4142-A7DE-9B7331A42082}.Ad-Hoc|Any CPU.Build.0 = Release|Any CPU
		{8F22217F-7BA6-4142-A7DE-9B7331A42082}.Ad-Hoc|ARM.ActiveCfg = Release|Any CPU
		{8F22217F-7BA6-4142-A7DE-9B7331A42082}.Ad-Hoc|ARM.Build.0 = Release|Any CPU
		{8F22217F-7BA6-4142-A7DE-9B7331A42082}.Ad-Hoc|iPhone.ActiveCfg = Release|Any CPU
		{8F22217F-7BA6-4142-A7DE-9B7331A42082}.Ad-Hoc|iPhone.Build.0 = Release|Any CPU
		{8F22217F-7BA6-4142-A7DE-9B7331A42082}.Ad-Hoc|iPhoneSimulator.ActiveCfg = Release|Any CPU
		{8F22217F-7BA6-4142-A7DE-9B7331A42082}.Ad-Hoc|iPhoneSimulator.Build.0 = Release|Any CPU
		{8F22217F-7BA6-4142-A7DE-9B7331A42082}.Ad-Hoc|x64.ActiveCfg = Release|Any CPU
		{8F22217F-7BA6-4142-A7DE-9B7331A42082}.Ad-Hoc|x64.Build.0 = Release|Any CPU
		{8F22217F-7BA6-4142-A7DE-9B7331A42082}.Ad-Hoc|x86.ActiveCfg = Release|Any CPU
		{8F22217F-7BA6-4142-A7DE-9B7331A42082}.Ad-Hoc|x86.Build.0 = Release|Any CPU
		{8F22217F-7BA6-4142-A7DE-9B7331A42082}.AppStore|Any CPU.ActiveCfg = Release|Any CPU
		{8F22217F-7BA6-4142-A7DE-9B7331A42082}.AppStore|Any CPU.Build.0 = Release|Any CPU
		{8F22217F-7BA6-4142-A7DE-9B7331A42082}.AppStore|ARM.ActiveCfg = Release|Any CPU
		{8F22217F-7BA6-4142-A7DE-9B7331A42082}.AppStore|ARM.Build.0 = Release|Any CPU
		{8F22217F-7BA6-4142-A7DE-9B7331A42082}.AppStore|iPhone.ActiveCfg = Release|Any CPU
		{8F22217F-7BA6-4142-A7DE-9B7331A42082}.AppStore|iPhone.Build.0 = Release|Any CPU
		{8F22217F-7BA6-4142-A7DE-9B7331A42082}.AppStore|iPhoneSimulator.ActiveCfg = Release|Any CPU
		{8F22217F-7BA6-4142-A7DE-9B7331A42082}.AppStore|iPhoneSimulator.Build.0 = Release|Any CPU
		{8F22217F-7BA6-4142-A7DE-9B7331A42082}.AppStore|x64.ActiveCfg = Release|Any CPU
		{8F22217F-7BA6-4142-A7DE-9B7331A42082}.AppStore|x64.Build.0 = Release|Any CPU
		{8F22217F-7BA6-4142-A7DE-9B7331A42082}.AppStore|x86.ActiveCfg = Release|Any CPU
		{8F22217F-7BA6-4142-A7DE-9B7331A42082}.AppStore|x86.Build.0 = Release|Any CPU
		{8F22217F-7BA6-4142-A7DE-9B7331A42082}.Debug|Any CPU.ActiveCfg = Debug|Any CPU
		{8F22217F-7BA6-4142-A7DE-9B7331A42082}.Debug|Any CPU.Build.0 = Debug|Any CPU
		{8F22217F-7BA6-4142-A7DE-9B7331A42082}.Debug|ARM.ActiveCfg = Debug|Any CPU
		{8F22217F-7BA6-4142-A7DE-9B7331A42082}.Debug|ARM.Build.0 = Debug|Any CPU
		{8F22217F-7BA6-4142-A7DE-9B7331A42082}.Debug|iPhone.ActiveCfg = Debug|Any CPU
		{8F22217F-7BA6-4142-A7DE-9B7331A42082}.Debug|iPhone.Build.0 = Debug|Any CPU
		{8F22217F-7BA6-4142-A7DE-9B7331A42082}.Debug|iPhoneSimulator.ActiveCfg = Debug|Any CPU
		{8F22217F-7BA6-4142-A7DE-9B7331A42082}.Debug|iPhoneSimulator.Build.0 = Debug|Any CPU
		{8F22217F-7BA6-4142-A7DE-9B7331A42082}.Debug|x64.ActiveCfg = Debug|Any CPU
		{8F22217F-7BA6-4142-A7DE-9B7331A42082}.Debug|x64.Build.0 = Debug|Any CPU
		{8F22217F-7BA6-4142-A7DE-9B7331A42082}.Debug|x86.ActiveCfg = Debug|Any CPU
		{8F22217F-7BA6-4142-A7DE-9B7331A42082}.Debug|x86.Build.0 = Debug|Any CPU
		{8F22217F-7BA6-4142-A7DE-9B7331A42082}.Release|Any CPU.ActiveCfg = Release|Any CPU
		{8F22217F-7BA6-4142-A7DE-9B7331A42082}.Release|Any CPU.Build.0 = Release|Any CPU
		{8F22217F-7BA6-4142-A7DE-9B7331A42082}.Release|ARM.ActiveCfg = Release|Any CPU
		{8F22217F-7BA6-4142-A7DE-9B7331A42082}.Release|ARM.Build.0 = Release|Any CPU
		{8F22217F-7BA6-4142-A7DE-9B7331A42082}.Release|iPhone.ActiveCfg = Release|Any CPU
		{8F22217F-7BA6-4142-A7DE-9B7331A42082}.Release|iPhone.Build.0 = Release|Any CPU
		{8F22217F-7BA6-4142-A7DE-9B7331A42082}.Release|iPhoneSimulator.ActiveCfg = Release|Any CPU
		{8F22217F-7BA6-4142-A7DE-9B7331A42082}.Release|iPhoneSimulator.Build.0 = Release|Any CPU
		{8F22217F-7BA6-4142-A7DE-9B7331A42082}.Release|x64.ActiveCfg = Release|Any CPU
		{8F22217F-7BA6-4142-A7DE-9B7331A42082}.Release|x64.Build.0 = Release|Any CPU
		{8F22217F-7BA6-4142-A7DE-9B7331A42082}.Release|x86.ActiveCfg = Release|Any CPU
		{8F22217F-7BA6-4142-A7DE-9B7331A42082}.Release|x86.Build.0 = Release|Any CPU
		{4A3F9FCD-65CA-4B8A-9A9F-56723FA4F20D}.Ad-Hoc|Any CPU.ActiveCfg = Debug|Any CPU
		{4A3F9FCD-65CA-4B8A-9A9F-56723FA4F20D}.Ad-Hoc|Any CPU.Build.0 = Debug|Any CPU
		{4A3F9FCD-65CA-4B8A-9A9F-56723FA4F20D}.Ad-Hoc|ARM.ActiveCfg = Debug|Any CPU
		{4A3F9FCD-65CA-4B8A-9A9F-56723FA4F20D}.Ad-Hoc|ARM.Build.0 = Debug|Any CPU
		{4A3F9FCD-65CA-4B8A-9A9F-56723FA4F20D}.Ad-Hoc|iPhone.ActiveCfg = Debug|Any CPU
		{4A3F9FCD-65CA-4B8A-9A9F-56723FA4F20D}.Ad-Hoc|iPhone.Build.0 = Debug|Any CPU
		{4A3F9FCD-65CA-4B8A-9A9F-56723FA4F20D}.Ad-Hoc|iPhoneSimulator.ActiveCfg = Debug|Any CPU
		{4A3F9FCD-65CA-4B8A-9A9F-56723FA4F20D}.Ad-Hoc|iPhoneSimulator.Build.0 = Debug|Any CPU
		{4A3F9FCD-65CA-4B8A-9A9F-56723FA4F20D}.Ad-Hoc|x64.ActiveCfg = Debug|Any CPU
		{4A3F9FCD-65CA-4B8A-9A9F-56723FA4F20D}.Ad-Hoc|x64.Build.0 = Debug|Any CPU
		{4A3F9FCD-65CA-4B8A-9A9F-56723FA4F20D}.Ad-Hoc|x86.ActiveCfg = Debug|Any CPU
		{4A3F9FCD-65CA-4B8A-9A9F-56723FA4F20D}.Ad-Hoc|x86.Build.0 = Debug|Any CPU
		{4A3F9FCD-65CA-4B8A-9A9F-56723FA4F20D}.AppStore|Any CPU.ActiveCfg = Debug|Any CPU
		{4A3F9FCD-65CA-4B8A-9A9F-56723FA4F20D}.AppStore|Any CPU.Build.0 = Debug|Any CPU
		{4A3F9FCD-65CA-4B8A-9A9F-56723FA4F20D}.AppStore|ARM.ActiveCfg = Debug|Any CPU
		{4A3F9FCD-65CA-4B8A-9A9F-56723FA4F20D}.AppStore|ARM.Build.0 = Debug|Any CPU
		{4A3F9FCD-65CA-4B8A-9A9F-56723FA4F20D}.AppStore|iPhone.ActiveCfg = Debug|Any CPU
		{4A3F9FCD-65CA-4B8A-9A9F-56723FA4F20D}.AppStore|iPhone.Build.0 = Debug|Any CPU
		{4A3F9FCD-65CA-4B8A-9A9F-56723FA4F20D}.AppStore|iPhoneSimulator.ActiveCfg = Debug|Any CPU
		{4A3F9FCD-65CA-4B8A-9A9F-56723FA4F20D}.AppStore|iPhoneSimulator.Build.0 = Debug|Any CPU
		{4A3F9FCD-65CA-4B8A-9A9F-56723FA4F20D}.AppStore|x64.ActiveCfg = Debug|Any CPU
		{4A3F9FCD-65CA-4B8A-9A9F-56723FA4F20D}.AppStore|x64.Build.0 = Debug|Any CPU
		{4A3F9FCD-65CA-4B8A-9A9F-56723FA4F20D}.AppStore|x86.ActiveCfg = Debug|Any CPU
		{4A3F9FCD-65CA-4B8A-9A9F-56723FA4F20D}.AppStore|x86.Build.0 = Debug|Any CPU
		{4A3F9FCD-65CA-4B8A-9A9F-56723FA4F20D}.Debug|Any CPU.ActiveCfg = Debug|Any CPU
		{4A3F9FCD-65CA-4B8A-9A9F-56723FA4F20D}.Debug|Any CPU.Build.0 = Debug|Any CPU
		{4A3F9FCD-65CA-4B8A-9A9F-56723FA4F20D}.Debug|ARM.ActiveCfg = Debug|Any CPU
		{4A3F9FCD-65CA-4B8A-9A9F-56723FA4F20D}.Debug|ARM.Build.0 = Debug|Any CPU
		{4A3F9FCD-65CA-4B8A-9A9F-56723FA4F20D}.Debug|iPhone.ActiveCfg = Debug|Any CPU
		{4A3F9FCD-65CA-4B8A-9A9F-56723FA4F20D}.Debug|iPhone.Build.0 = Debug|Any CPU
		{4A3F9FCD-65CA-4B8A-9A9F-56723FA4F20D}.Debug|iPhoneSimulator.ActiveCfg = Debug|Any CPU
		{4A3F9FCD-65CA-4B8A-9A9F-56723FA4F20D}.Debug|iPhoneSimulator.Build.0 = Debug|Any CPU
		{4A3F9FCD-65CA-4B8A-9A9F-56723FA4F20D}.Debug|x64.ActiveCfg = Debug|Any CPU
		{4A3F9FCD-65CA-4B8A-9A9F-56723FA4F20D}.Debug|x64.Build.0 = Debug|Any CPU
		{4A3F9FCD-65CA-4B8A-9A9F-56723FA4F20D}.Debug|x86.ActiveCfg = Debug|Any CPU
		{4A3F9FCD-65CA-4B8A-9A9F-56723FA4F20D}.Debug|x86.Build.0 = Debug|Any CPU
		{4A3F9FCD-65CA-4B8A-9A9F-56723FA4F20D}.Release|Any CPU.ActiveCfg = Release|Any CPU
		{4A3F9FCD-65CA-4B8A-9A9F-56723FA4F20D}.Release|Any CPU.Build.0 = Release|Any CPU
		{4A3F9FCD-65CA-4B8A-9A9F-56723FA4F20D}.Release|ARM.ActiveCfg = Release|Any CPU
		{4A3F9FCD-65CA-4B8A-9A9F-56723FA4F20D}.Release|ARM.Build.0 = Release|Any CPU
		{4A3F9FCD-65CA-4B8A-9A9F-56723FA4F20D}.Release|iPhone.ActiveCfg = Release|Any CPU
		{4A3F9FCD-65CA-4B8A-9A9F-56723FA4F20D}.Release|iPhone.Build.0 = Release|Any CPU
		{4A3F9FCD-65CA-4B8A-9A9F-56723FA4F20D}.Release|iPhoneSimulator.ActiveCfg = Release|Any CPU
		{4A3F9FCD-65CA-4B8A-9A9F-56723FA4F20D}.Release|iPhoneSimulator.Build.0 = Release|Any CPU
		{4A3F9FCD-65CA-4B8A-9A9F-56723FA4F20D}.Release|x64.ActiveCfg = Release|Any CPU
		{4A3F9FCD-65CA-4B8A-9A9F-56723FA4F20D}.Release|x64.Build.0 = Release|Any CPU
		{4A3F9FCD-65CA-4B8A-9A9F-56723FA4F20D}.Release|x86.ActiveCfg = Release|Any CPU
		{4A3F9FCD-65CA-4B8A-9A9F-56723FA4F20D}.Release|x86.Build.0 = Release|Any CPU
	EndGlobalSection
	GlobalSection(SolutionProperties) = preSolution
		HideSolutionNode = FALSE
	EndGlobalSection
	GlobalSection(ExtensibilityGlobals) = postSolution
		SolutionGuid = {D7F4FDD2-2B14-4029-9746-E1856329681A}
	EndGlobalSection
EndGlobal
